{
  "name": "core",
  "lockfileVersion": 3,
  "requires": true,
  "packages": {
    "": {
      "dependencies": {
        "@ast-grep/napi": "^0.28.0",
        "yaml": "^2.5.1"
      }
    },
    "node_modules/@ast-grep/napi": {
      "version": "0.28.0",
      "resolved": "https://registry.npmjs.org/@ast-grep/napi/-/napi-0.28.0.tgz",
      "integrity": "sha512-m1ejvc1tR3kq6Lt4iCmechrX39rAvDRhaj/c68QyoTN+Ue3yavKHfS+qZt3TRPEywYTT0RerSxUFuITPhQ5f/A==",
      "license": "MIT",
      "engines": {
        "node": ">= 10"
      },
      "optionalDependencies": {
        "@ast-grep/napi-darwin-arm64": "0.28.0",
        "@ast-grep/napi-darwin-x64": "0.28.0",
        "@ast-grep/napi-linux-arm64-gnu": "0.28.0",
        "@ast-grep/napi-linux-arm64-musl": "0.28.0",
        "@ast-grep/napi-linux-x64-gnu": "0.28.0",
        "@ast-grep/napi-linux-x64-musl": "0.28.0",
        "@ast-grep/napi-win32-arm64-msvc": "0.28.0",
        "@ast-grep/napi-win32-ia32-msvc": "0.28.0",
        "@ast-grep/napi-win32-x64-msvc": "0.28.0"
      }
    },
    "node_modules/@ast-grep/napi-darwin-arm64": {
      "version": "0.28.0",
      "resolved": "https://registry.npmjs.org/@ast-grep/napi-darwin-arm64/-/napi-darwin-arm64-0.28.0.tgz",
      "integrity": "sha512-YmNX/ks3/+0tKKMML0qjOLHsZD/agU1H8i29FAnLIOKBePprHndTCmZ8FhRHZm+Po6ybV/OYgBctwaENNuplFg==",
      "cpu": [
        "arm64"
      ],
      "license": "MIT",
      "optional": true,
      "os": [
        "darwin"
      ],
      "engines": {
        "node": ">= 10"
      }
    },
    "node_modules/@ast-grep/napi-darwin-x64": {
      "version": "0.28.0",
      "resolved": "https://registry.npmjs.org/@ast-grep/napi-darwin-x64/-/napi-darwin-x64-0.28.0.tgz",
      "integrity": "sha512-AJvQ52AW8aynH60iHOyjZbSsAaaIuDSLQJNRDvg4+Ploz3n2VL5cvPa5wrjaQIudX2qGZuvsS5Bls6nIGYsYjg==",
      "cpu": [
        "x64"
      ],
      "license": "MIT",
      "optional": true,
      "os": [
        "darwin"
      ],
      "engines": {
        "node": ">= 10"
      }
    },
    "node_modules/@ast-grep/napi-linux-arm64-gnu": {
      "version": "0.28.0",
      "resolved": "https://registry.npmjs.org/@ast-grep/napi-linux-arm64-gnu/-/napi-linux-arm64-gnu-0.28.0.tgz",
      "integrity": "sha512-N1rYmfbm8G+BptwO/N0SN7cFbMlDcwdUGh+UEla31U98DqocsSr9KdsAYWJ4NPi6IFlyV0nuReVc6HFEoKdOiw==",
      "cpu": [
        "arm64"
      ],
      "license": "MIT",
      "optional": true,
      "os": [
        "linux"
      ],
      "engines": {
        "node": ">= 10"
      }
    },
    "node_modules/@ast-grep/napi-linux-arm64-musl": {
      "version": "0.28.0",
      "resolved": "https://registry.npmjs.org/@ast-grep/napi-linux-arm64-musl/-/napi-linux-arm64-musl-0.28.0.tgz",
      "integrity": "sha512-PSEeOSxvXLafOhmp7KVqHz1cH4SBlNYwzePo2krqawZ2aS3uw6n6X2QRAFokwX6cjbH8oqOO4BQUiN57gulvHA==",
      "cpu": [
        "arm64"
      ],
      "license": "MIT",
      "optional": true,
      "os": [
        "linux"
      ],
      "engines": {
        "node": ">= 10"
      }
    },
    "node_modules/@ast-grep/napi-linux-x64-gnu": {
      "version": "0.28.0",
      "resolved": "https://registry.npmjs.org/@ast-grep/napi-linux-x64-gnu/-/napi-linux-x64-gnu-0.28.0.tgz",
      "integrity": "sha512-KNZ9o+iI7ucvkc0jqC4qVL8dssTlqsoz8igOxYGcNRRfXxUQ4PWop/+YpRm1a/Pc0msTNhtV1qABa/lNUlh/Ag==",
      "cpu": [
        "x64"
      ],
      "license": "MIT",
      "optional": true,
      "os": [
        "linux"
      ],
      "engines": {
        "node": ">= 10"
      }
    },
    "node_modules/@ast-grep/napi-linux-x64-musl": {
      "version": "0.28.0",
      "resolved": "https://registry.npmjs.org/@ast-grep/napi-linux-x64-musl/-/napi-linux-x64-musl-0.28.0.tgz",
      "integrity": "sha512-gc7pL2oCq+fsDHPLUcd45RJmuApjpZh8hRARA0n+vmAnViwBv5kHWoGuSUO2kslLGxbAYTBO/q495t6rF823eQ==",
      "cpu": [
        "x64"
      ],
      "license": "MIT",
      "optional": true,
      "os": [
        "linux"
      ],
      "engines": {
        "node": ">= 10"
      }
    },
    "node_modules/@ast-grep/napi-win32-arm64-msvc": {
      "version": "0.28.0",
      "resolved": "https://registry.npmjs.org/@ast-grep/napi-win32-arm64-msvc/-/napi-win32-arm64-msvc-0.28.0.tgz",
      "integrity": "sha512-HOLK6RK4N0+cBZFfeD/urIWIJZw6FT94fM0k43ZP+QG7nTb2J97buX/Ussm/hipLIuqTbBS0LsuYuEMMNFuzQw==",
      "cpu": [
        "arm64"
      ],
      "license": "MIT",
      "optional": true,
      "os": [
        "win32"
      ],
      "engines": {
        "node": ">= 10"
      }
    },
    "node_modules/@ast-grep/napi-win32-ia32-msvc": {
      "version": "0.28.0",
      "resolved": "https://registry.npmjs.org/@ast-grep/napi-win32-ia32-msvc/-/napi-win32-ia32-msvc-0.28.0.tgz",
      "integrity": "sha512-2jwuBgpMcPCNY2lQc8ZTFb5rp7WdRoVGOqWcl/Y60Wm4ZPvY+m21P8on3AvElMuulf2P3hDAG2wWqzH+P/MXPg==",
      "cpu": [
        "ia32"
      ],
      "license": "MIT",
      "optional": true,
      "os": [
        "win32"
      ],
      "engines": {
        "node": ">= 10"
      }
    },
    "node_modules/@ast-grep/napi-win32-x64-msvc": {
      "version": "0.28.0",
      "resolved": "https://registry.npmjs.org/@ast-grep/napi-win32-x64-msvc/-/napi-win32-x64-msvc-0.28.0.tgz",
      "integrity": "sha512-radx5aK9QvsiAFG6FV1nUEJaQsrp5Aro9I+Eai9EUYvwEWQmFzRQ4O8eDuRbMKN42+0LU8YHLDAvLiwCFD5JYw==",
      "cpu": [
        "x64"
      ],
      "license": "MIT",
      "optional": true,
      "os": [
        "win32"
      ],
      "engines": {
        "node": ">= 10"
      }
    },
    "node_modules/yaml": {
      "version": "2.5.1",
      "resolved": "https://registry.npmjs.org/yaml/-/yaml-2.5.1.tgz",
      "integrity": "sha512-bLQOjaX/ADgQ20isPJRvF0iRUHIxVhYvr53Of7wGcWlO2jvtUlH5m87DsmulFVxRpNLOnI4tB6p/oh8D7kpn9Q==",
      "license": "ISC",
      "bin": {
        "yaml": "bin.mjs"
      },
      "engines": {
        "node": ">= 14"
      }
    }
  }
}
