{
  "name": "core",
  "lockfileVersion": 3,
  "requires": true,
  "packages": {
    "": {
      "dependencies": {
        "@ast-grep/napi": "^0.28.0",
        "js-yaml": "^4.1.0",
        "prettier": "^3.3.3",
        "tree-sitter": "^0.21.1",
        "tree-sitter-javascript": "^0.23.0"
      }
    },
    "node_modules/@ast-grep/napi": {
      "version": "0.28.0",
      "resolved": "https://registry.npmjs.org/@ast-grep/napi/-/napi-0.28.0.tgz",
      "integrity": "sha512-m1ejvc1tR3kq6Lt4iCmechrX39rAvDRhaj/c68QyoTN+Ue3yavKHfS+qZt3TRPEywYTT0RerSxUFuITPhQ5f/A==",
      "license": "MIT",
      "engines": {
        "node": ">= 10"
      },
      "optionalDependencies": {
        "@ast-grep/napi-darwin-arm64": "0.28.0",
        "@ast-grep/napi-darwin-x64": "0.28.0",
        "@ast-grep/napi-linux-arm64-gnu": "0.28.0",
        "@ast-grep/napi-linux-arm64-musl": "0.28.0",
        "@ast-grep/napi-linux-x64-gnu": "0.28.0",
        "@ast-grep/napi-linux-x64-musl": "0.28.0",
        "@ast-grep/napi-win32-arm64-msvc": "0.28.0",
        "@ast-grep/napi-win32-ia32-msvc": "0.28.0",
        "@ast-grep/napi-win32-x64-msvc": "0.28.0"
      }
    },
    "node_modules/@ast-grep/napi-darwin-arm64": {
      "version": "0.28.0",
      "resolved": "https://registry.npmjs.org/@ast-grep/napi-darwin-arm64/-/napi-darwin-arm64-0.28.0.tgz",
      "integrity": "sha512-YmNX/ks3/+0tKKMML0qjOLHsZD/agU1H8i29FAnLIOKBePprHndTCmZ8FhRHZm+Po6ybV/OYgBctwaENNuplFg==",
      "cpu": [
        "arm64"
      ],
      "license": "MIT",
      "optional": true,
      "os": [
        "darwin"
      ],
      "engines": {
        "node": ">= 10"
      }
    },
    "node_modules/@ast-grep/napi-darwin-x64": {
      "version": "0.28.0",
      "resolved": "https://registry.npmjs.org/@ast-grep/napi-darwin-x64/-/napi-darwin-x64-0.28.0.tgz",
      "integrity": "sha512-AJvQ52AW8aynH60iHOyjZbSsAaaIuDSLQJNRDvg4+Ploz3n2VL5cvPa5wrjaQIudX2qGZuvsS5Bls6nIGYsYjg==",
      "cpu": [
        "x64"
      ],
      "license": "MIT",
      "optional": true,
      "os": [
        "darwin"
      ],
      "engines": {
        "node": ">= 10"
      }
    },
    "node_modules/@ast-grep/napi-linux-arm64-gnu": {
      "version": "0.28.0",
      "resolved": "https://registry.npmjs.org/@ast-grep/napi-linux-arm64-gnu/-/napi-linux-arm64-gnu-0.28.0.tgz",
      "integrity": "sha512-N1rYmfbm8G+BptwO/N0SN7cFbMlDcwdUGh+UEla31U98DqocsSr9KdsAYWJ4NPi6IFlyV0nuReVc6HFEoKdOiw==",
      "cpu": [
        "arm64"
      ],
      "license": "MIT",
      "optional": true,
      "os": [
        "linux"
      ],
      "engines": {
        "node": ">= 10"
      }
    },
    "node_modules/@ast-grep/napi-linux-arm64-musl": {
      "version": "0.28.0",
      "resolved": "https://registry.npmjs.org/@ast-grep/napi-linux-arm64-musl/-/napi-linux-arm64-musl-0.28.0.tgz",
      "integrity": "sha512-PSEeOSxvXLafOhmp7KVqHz1cH4SBlNYwzePo2krqawZ2aS3uw6n6X2QRAFokwX6cjbH8oqOO4BQUiN57gulvHA==",
      "cpu": [
        "arm64"
      ],
      "license": "MIT",
      "optional": true,
      "os": [
        "linux"
      ],
      "engines": {
        "node": ">= 10"
      }
    },
    "node_modules/@ast-grep/napi-linux-x64-gnu": {
      "version": "0.28.0",
      "resolved": "https://registry.npmjs.org/@ast-grep/napi-linux-x64-gnu/-/napi-linux-x64-gnu-0.28.0.tgz",
      "integrity": "sha512-KNZ9o+iI7ucvkc0jqC4qVL8dssTlqsoz8igOxYGcNRRfXxUQ4PWop/+YpRm1a/Pc0msTNhtV1qABa/lNUlh/Ag==",
      "cpu": [
        "x64"
      ],
      "license": "MIT",
      "optional": true,
      "os": [
        "linux"
      ],
      "engines": {
        "node": ">= 10"
      }
    },
    "node_modules/@ast-grep/napi-linux-x64-musl": {
      "version": "0.28.0",
      "resolved": "https://registry.npmjs.org/@ast-grep/napi-linux-x64-musl/-/napi-linux-x64-musl-0.28.0.tgz",
      "integrity": "sha512-gc7pL2oCq+fsDHPLUcd45RJmuApjpZh8hRARA0n+vmAnViwBv5kHWoGuSUO2kslLGxbAYTBO/q495t6rF823eQ==",
      "cpu": [
        "x64"
      ],
      "license": "MIT",
      "optional": true,
      "os": [
        "linux"
      ],
      "engines": {
        "node": ">= 10"
      }
    },
    "node_modules/@ast-grep/napi-win32-arm64-msvc": {
      "version": "0.28.0",
      "resolved": "https://registry.npmjs.org/@ast-grep/napi-win32-arm64-msvc/-/napi-win32-arm64-msvc-0.28.0.tgz",
      "integrity": "sha512-HOLK6RK4N0+cBZFfeD/urIWIJZw6FT94fM0k43ZP+QG7nTb2J97buX/Ussm/hipLIuqTbBS0LsuYuEMMNFuzQw==",
      "cpu": [
        "arm64"
      ],
      "license": "MIT",
      "optional": true,
      "os": [
        "win32"
      ],
      "engines": {
        "node": ">= 10"
      }
    },
    "node_modules/@ast-grep/napi-win32-ia32-msvc": {
      "version": "0.28.0",
      "resolved": "https://registry.npmjs.org/@ast-grep/napi-win32-ia32-msvc/-/napi-win32-ia32-msvc-0.28.0.tgz",
      "integrity": "sha512-2jwuBgpMcPCNY2lQc8ZTFb5rp7WdRoVGOqWcl/Y60Wm4ZPvY+m21P8on3AvElMuulf2P3hDAG2wWqzH+P/MXPg==",
      "cpu": [
        "ia32"
      ],
      "license": "MIT",
      "optional": true,
      "os": [
        "win32"
      ],
      "engines": {
        "node": ">= 10"
      }
    },
    "node_modules/@ast-grep/napi-win32-x64-msvc": {
      "version": "0.28.0",
      "resolved": "https://registry.npmjs.org/@ast-grep/napi-win32-x64-msvc/-/napi-win32-x64-msvc-0.28.0.tgz",
      "integrity": "sha512-radx5aK9QvsiAFG6FV1nUEJaQsrp5Aro9I+Eai9EUYvwEWQmFzRQ4O8eDuRbMKN42+0LU8YHLDAvLiwCFD5JYw==",
      "cpu": [
        "x64"
      ],
      "license": "MIT",
      "optional": true,
      "os": [
        "win32"
      ],
      "engines": {
        "node": ">= 10"
      }
    },
    "node_modules/argparse": {
      "version": "2.0.1",
      "resolved": "https://registry.npmjs.org/argparse/-/argparse-2.0.1.tgz",
      "integrity": "sha512-8+9WqebbFzpX9OR+Wa6O29asIogeRMzcGtAINdpMHHyAg10f05aSFVBbcEqGf/PXw1EjAZ+q2/bEBg3DvurK3Q==",
      "license": "Python-2.0"
    },
    "node_modules/js-yaml": {
      "version": "4.1.0",
      "resolved": "https://registry.npmjs.org/js-yaml/-/js-yaml-4.1.0.tgz",
      "integrity": "sha512-wpxZs9NoxZaJESJGIZTyDEaYpl0FKSA+FB9aJiyemKhMwkxQg63h4T1KJgUGHpTqPDNRcmmYLugrRjJlBtWvRA==",
      "license": "MIT",
      "dependencies": {
        "argparse": "^2.0.1"
      },
      "bin": {
        "js-yaml": "bin/js-yaml.js"
      }
    },
    "node_modules/node-addon-api": {
      "version": "8.2.1",
      "resolved": "https://registry.npmjs.org/node-addon-api/-/node-addon-api-8.2.1.tgz",
      "integrity": "sha512-vmEOvxwiH8tlOcv4SyE8RH34rI5/nWVaigUeAUPawC6f0+HoDthwI0vkMu4tbtsZrXq6QXFfrkhjofzKEs5tpA==",
      "license": "MIT",
      "engines": {
        "node": "^18 || ^20 || >= 21"
      }
    },
    "node_modules/node-gyp-build": {
      "version": "4.8.2",
      "resolved": "https://registry.npmjs.org/node-gyp-build/-/node-gyp-build-4.8.2.tgz",
      "integrity": "sha512-IRUxE4BVsHWXkV/SFOut4qTlagw2aM8T5/vnTsmrHJvVoKueJHRc/JaFND7QDDc61kLYUJ6qlZM3sqTSyx2dTw==",
      "license": "MIT",
      "bin": {
        "node-gyp-build": "bin.js",
        "node-gyp-build-optional": "optional.js",
        "node-gyp-build-test": "build-test.js"
      }
    },
    "node_modules/prettier": {
      "version": "3.3.3",
      "resolved": "https://registry.npmjs.org/prettier/-/prettier-3.3.3.tgz",
      "integrity": "sha512-i2tDNA0O5IrMO757lfrdQZCc2jPNDVntV0m/+4whiDfWaTKfMNgR7Qz0NAeGz/nRqF4m5/6CLzbP4/liHt12Ew==",
      "license": "MIT",
      "bin": {
        "prettier": "bin/prettier.cjs"
      },
      "engines": {
        "node": ">=14"
      },
      "funding": {
        "url": "https://github.com/prettier/prettier?sponsor=1"
      }
    },
    "node_modules/tree-sitter": {
      "version": "0.21.1",
      "resolved": "https://registry.npmjs.org/tree-sitter/-/tree-sitter-0.21.1.tgz",
      "integrity": "sha512-7dxoA6kYvtgWw80265MyqJlkRl4yawIjO7S5MigytjELkX43fV2WsAXzsNfO7sBpPPCF5Gp0+XzHk0DwLCq3xQ==",
      "hasInstallScript": true,
      "license": "MIT",
      "dependencies": {
        "node-addon-api": "^8.0.0",
        "node-gyp-build": "^4.8.0"
      }
    },
    "node_modules/tree-sitter-javascript": {
      "version": "0.23.0",
      "resolved": "https://registry.npmjs.org/tree-sitter-javascript/-/tree-sitter-javascript-0.23.0.tgz",
      "integrity": "sha512-xw0nc8P/u+uhoRuKmalcv/3OGGLtaeVWx/NpqAHXPvJsdSPdkx+IoRod4W4hw1zDNj1V6xzJgdATk0IPNUNy3w==",
      "hasInstallScript": true,
      "license": "MIT",
      "dependencies": {
        "node-addon-api": "^8.1.0",
        "node-gyp-build": "^4.8.2"
      },
      "peerDependencies": {
        "tree-sitter": "^0.21.1"
      },
      "peerDependenciesMeta": {
        "tree-sitter": {
          "optional": true
        }
      }
    }
  }
}
